
Microsoft Visual Studio Solution File, Format Version 12.00
# Visual Studio Version 17
VisualStudioVersion = 17.11.35327.3
MinimumVisualStudioVersion = 10.0.40219.1
Project("{2150E333-8FDC-42A3-9474-1A3956D46DE8}") = "src", "src", "{78B7FAAA-AA24-43DD-B416-F291A7259CEE}"
EndProject
Project("{2150E333-8FDC-42A3-9474-1A3956D46DE8}") = "test", "test", "{CC7ADC1D-AA5C-480F-8099-3A32CA314571}"
EndProject
Project("{2150E333-8FDC-42A3-9474-1A3956D46DE8}") = "API", "API", "{4A57E214-3A2D-4E2E-B3F2-7A4BEC1930BF}"
EndProject
Project("{2150E333-8FDC-42A3-9474-1A3956D46DE8}") = "Core", "Core", "{11268D1D-E08E-4276-AC25-72909F03394E}"
EndProject
Project("{2150E333-8FDC-42A3-9474-1A3956D46DE8}") = "Infrastructure", "Infrastructure", "{7E82D03F-7DBD-43B1-8915-16789E8826EB}"
EndProject
Project("{2150E333-8FDC-42A3-9474-1A3956D46DE8}") = "UI", "UI", "{3E766212-B646-48AA-9289-D197FADB05B0}"
EndProject
Project("{FAE04EC0-301F-11D3-BF4B-00C04F79EFBC}") = "Blog.CQRS.API", "Blog.CQRS.API\Blog.CQRS.API.csproj", "{F7BFA4F4-1D64-4517-92E5-61840C61960D}"
EndProject
Project("{FAE04EC0-301F-11D3-BF4B-00C04F79EFBC}") = "Blog.CQRS.Application", "Blog.CQRS.Application\Blog.CQRS.Application.csproj", "{43D2CDCC-F9B5-4503-A301-61FD72AFE792}"
EndProject
Project("{FAE04EC0-301F-11D3-BF4B-00C04F79EFBC}") = "Blog.CQRS.Domain", "Blog.CQRS.Domain\Blog.CQRS.Domain.csproj", "{E7EDB2DB-411D-4F99-96F2-ACABC6588F56}"
EndProject
Project("{FAE04EC0-301F-11D3-BF4B-00C04F79EFBC}") = "Blog.CQRS.Persistence", "Blog.CQRS.Persistence\Blog.CQRS.Persistence.csproj", "{2F089A5C-984A-4BEF-8361-82F46C1BDD49}"
EndProject
Project("{FAE04EC0-301F-11D3-BF4B-00C04F79EFBC}") = "Blog.CQRS.MVC", "Blog.CQRS.MVC\Blog.CQRS.MVC.csproj", "{6440F7C9-657C-4216-857C-7EEF157E52CF}"
EndProject
Global
	GlobalSection(SolutionConfigurationPlatforms) = preSolution
		Debug|Any CPU = Debug|Any CPU
		Release|Any CPU = Release|Any CPU
	EndGlobalSection
	GlobalSection(ProjectConfigurationPlatforms) = postSolution
		{F7BFA4F4-1D64-4517-92E5-61840C61960D}.Debug|Any CPU.ActiveCfg = Debug|Any CPU
		{F7BFA4F4-1D64-4517-92E5-61840C61960D}.Debug|Any CPU.Build.0 = Debug|Any CPU
		{F7BFA4F4-1D64-4517-92E5-61840C61960D}.Release|Any CPU.ActiveCfg = Release|Any CPU
		{F7BFA4F4-1D64-4517-92E5-61840C61960D}.Release|Any CPU.Build.0 = Release|Any CPU
		{43D2CDCC-F9B5-4503-A301-61FD72AFE792}.Debug|Any CPU.ActiveCfg = Debug|Any CPU
		{43D2CDCC-F9B5-4503-A301-61FD72AFE792}.Debug|Any CPU.Build.0 = Debug|Any CPU
		{43D2CDCC-F9B5-4503-A301-61FD72AFE792}.Release|Any CPU.ActiveCfg = Release|Any CPU
		{43D2CDCC-F9B5-4503-A301-61FD72AFE792}.Release|Any CPU.Build.0 = Release|Any CPU
		{E7EDB2DB-411D-4F99-96F2-ACABC6588F56}.Debug|Any CPU.ActiveCfg = Debug|Any CPU
		{E7EDB2DB-411D-4F99-96F2-ACABC6588F56}.Debug|Any CPU.Build.0 = Debug|Any CPU
		{E7EDB2DB-411D-4F99-96F2-ACABC6588F56}.Release|Any CPU.ActiveCfg = Release|Any CPU
		{E7EDB2DB-411D-4F99-96F2-ACABC6588F56}.Release|Any CPU.Build.0 = Release|Any CPU
		{2F089A5C-984A-4BEF-8361-82F46C1BDD49}.Debug|Any CPU.ActiveCfg = Debug|Any CPU
		{2F089A5C-984A-4BEF-8361-82F46C1BDD49}.Debug|Any CPU.Build.0 = Debug|Any CPU
		{2F089A5C-984A-4BEF-8361-82F46C1BDD49}.Release|Any CPU.ActiveCfg = Release|Any CPU
		{2F089A5C-984A-4BEF-8361-82F46C1BDD49}.Release|Any CPU.Build.0 = Release|Any CPU
		{6440F7C9-657C-4216-857C-7EEF157E52CF}.Debug|Any CPU.ActiveCfg = Debug|Any CPU
		{6440F7C9-657C-4216-857C-7EEF157E52CF}.Debug|Any CPU.Build.0 = Debug|Any CPU
		{6440F7C9-657C-4216-857C-7EEF157E52CF}.Release|Any CPU.ActiveCfg = Release|Any CPU
		{6440F7C9-657C-4216-857C-7EEF157E52CF}.Release|Any CPU.Build.0 = Release|Any CPU
	EndGlobalSection
	GlobalSection(SolutionProperties) = preSolution
		HideSolutionNode = FALSE
	EndGlobalSection
	GlobalSection(NestedProjects) = preSolution
		{4A57E214-3A2D-4E2E-B3F2-7A4BEC1930BF} = {78B7FAAA-AA24-43DD-B416-F291A7259CEE}
		{11268D1D-E08E-4276-AC25-72909F03394E} = {78B7FAAA-AA24-43DD-B416-F291A7259CEE}
		{7E82D03F-7DBD-43B1-8915-16789E8826EB} = {78B7FAAA-AA24-43DD-B416-F291A7259CEE}
		{3E766212-B646-48AA-9289-D197FADB05B0} = {78B7FAAA-AA24-43DD-B416-F291A7259CEE}
		{F7BFA4F4-1D64-4517-92E5-61840C61960D} = {4A57E214-3A2D-4E2E-B3F2-7A4BEC1930BF}
		{43D2CDCC-F9B5-4503-A301-61FD72AFE792} = {11268D1D-E08E-4276-AC25-72909F03394E}
		{E7EDB2DB-411D-4F99-96F2-ACABC6588F56} = {11268D1D-E08E-4276-AC25-72909F03394E}
		{2F089A5C-984A-4BEF-8361-82F46C1BDD49} = {7E82D03F-7DBD-43B1-8915-16789E8826EB}
		{6440F7C9-657C-4216-857C-7EEF157E52CF} = {3E766212-B646-48AA-9289-D197FADB05B0}
	EndGlobalSection
	GlobalSection(ExtensibilityGlobals) = postSolution
		SolutionGuid = {750AD66B-C683-4DB2-B214-FC4AABD7DBC1}
	EndGlobalSection
EndGlobal
